// !$*UTF8*$!
{
	archiveVersion = 1;
	classes = {
	};
	objectVersion = 46;
	objects = {

/* Begin PBXBuildFile section */
		8D54CB611D751CF5001FD872 /* YHRefresh.h in Headers */ = {isa = PBXBuildFile; fileRef = 8D54CB601D751CF5001FD872 /* YHRefresh.h */; settings = {ATTRIBUTES = (Public, ); }; };
		8D54CB6E1D751D04001FD872 /* YHRefreshExtensions.swift in Sources */ = {isa = PBXBuildFile; fileRef = 8D54CB691D751D04001FD872 /* YHRefreshExtensions.swift */; };
		8D54CB701D751D04001FD872 /* YHRefresh.swift in Sources */ = {isa = PBXBuildFile; fileRef = 8D54CB6B1D751D04001FD872 /* YHRefresh.swift */; };
		8D54CB711D751D04001FD872 /* YHRefreshConst.swift in Sources */ = {isa = PBXBuildFile; fileRef = 8D54CB6C1D751D04001FD872 /* YHRefreshConst.swift */; };
		8D54CB791D751D68001FD872 /* AppDelegate.swift in Sources */ = {isa = PBXBuildFile; fileRef = 8D54CB781D751D68001FD872 /* AppDelegate.swift */; };
		8D54CB7E1D751D68001FD872 /* Main.storyboard in Resources */ = {isa = PBXBuildFile; fileRef = 8D54CB7C1D751D68001FD872 /* Main.storyboard */; };
		8D54CB801D751D68001FD872 /* Assets.xcassets in Resources */ = {isa = PBXBuildFile; fileRef = 8D54CB7F1D751D68001FD872 /* Assets.xcassets */; };
		8D54CB831D751D68001FD872 /* LaunchScreen.storyboard in Resources */ = {isa = PBXBuildFile; fileRef = 8D54CB811D751D68001FD872 /* LaunchScreen.storyboard */; };
		8D54CB8B1D751D79001FD872 /* GuideViewController.swift in Sources */ = {isa = PBXBuildFile; fileRef = 8D54CB891D751D79001FD872 /* GuideViewController.swift */; };
		8D54CB8D1D75298A001FD872 /* DemoViewController.swift in Sources */ = {isa = PBXBuildFile; fileRef = 8D54CB8C1D75298A001FD872 /* DemoViewController.swift */; };
		8DB5D0561EAC85E200FF493F /* YHRefresh.bundle in Resources */ = {isa = PBXBuildFile; fileRef = 8DB5D0551EAC85E200FF493F /* YHRefresh.bundle */; };
/* End PBXBuildFile section */

/* Begin PBXContainerItemProxy section */
		BADC2D9327DF392900890B3B /* PBXContainerItemProxy */ = {
			isa = PBXContainerItemProxy;
			containerPortal = 8D54CB541D751CF5001FD872 /* Project object */;
			proxyType = 1;
			remoteGlobalIDString = 8D54CB5C1D751CF5001FD872;
			remoteInfo = YHRefresh;
		};
/* End PBXContainerItemProxy section */

/* Begin PBXFileReference section */
		8D54CB5D1D751CF5001FD872 /* YHRefresh.framework */ = {isa = PBXFileReference; explicitFileType = wrapper.framework; includeInIndex = 0; path = YHRefresh.framework; sourceTree = BUILT_PRODUCTS_DIR; };
		8D54CB601D751CF5001FD872 /* YHRefresh.h */ = {isa = PBXFileReference; lastKnownFileType = sourcecode.c.h; path = YHRefresh.h; sourceTree = "<group>"; };
		8D54CB621D751CF5001FD872 /* Info.plist */ = {isa = PBXFileReference; lastKnownFileType = text.plist.xml; path = Info.plist; sourceTree = "<group>"; };
		8D54CB691D751D04001FD872 /* YHRefreshExtensions.swift */ = {isa = PBXFileReference; fileEncoding = 4; lastKnownFileType = sourcecode.swift; path = YHRefreshExtensions.swift; sourceTree = "<group>"; };
		8D54CB6B1D751D04001FD872 /* YHRefresh.swift */ = {isa = PBXFileReference; fileEncoding = 4; lastKnownFileType = sourcecode.swift; path = YHRefresh.swift; sourceTree = "<group>"; };
		8D54CB6C1D751D04001FD872 /* YHRefreshConst.swift */ = {isa = PBXFileReference; fileEncoding = 4; lastKnownFileType = sourcecode.swift; path = YHRefreshConst.swift; sourceTree = "<group>"; };
		8D54CB761D751D68001FD872 /* YHRefreshDemo.app */ = {isa = PBXFileReference; explicitFileType = wrapper.application; includeInIndex = 0; path = YHRefreshDemo.app; sourceTree = BUILT_PRODUCTS_DIR; };
		8D54CB781D751D68001FD872 /* AppDelegate.swift */ = {isa = PBXFileReference; lastKnownFileType = sourcecode.swift; path = AppDelegate.swift; sourceTree = "<group>"; };
		8D54CB7D1D751D68001FD872 /* Base */ = {isa = PBXFileReference; lastKnownFileType = file.storyboard; name = Base; path = Base.lproj/Main.storyboard; sourceTree = "<group>"; };
		8D54CB7F1D751D68001FD872 /* Assets.xcassets */ = {isa = PBXFileReference; lastKnownFileType = folder.assetcatalog; path = Assets.xcassets; sourceTree = "<group>"; };
		8D54CB821D751D68001FD872 /* Base */ = {isa = PBXFileReference; lastKnownFileType = file.storyboard; name = Base; path = Base.lproj/LaunchScreen.storyboard; sourceTree = "<group>"; };
		8D54CB841D751D68001FD872 /* Info.plist */ = {isa = PBXFileReference; lastKnownFileType = text.plist.xml; path = Info.plist; sourceTree = "<group>"; };
		8D54CB891D751D79001FD872 /* GuideViewController.swift */ = {isa = PBXFileReference; fileEncoding = 4; lastKnownFileType = sourcecode.swift; path = GuideViewController.swift; sourceTree = "<group>"; };
		8D54CB8C1D75298A001FD872 /* DemoViewController.swift */ = {isa = PBXFileReference; fileEncoding = 4; lastKnownFileType = sourcecode.swift; path = DemoViewController.swift; sourceTree = "<group>"; };
		8DB5D0211EAC853D00FF493F /* Cocoa.framework */ = {isa = PBXFileReference; lastKnownFileType = wrapper.framework; name = Cocoa.framework; path = Library/Frameworks/Cocoa.framework; sourceTree = DEVELOPER_DIR; };
		8DB5D0551EAC85E200FF493F /* YHRefresh.bundle */ = {isa = PBXFileReference; lastKnownFileType = "wrapper.plug-in"; path = YHRefresh.bundle; sourceTree = "<group>"; };
		BADC2BE627DF337600890B3B /* YHRefresh.base.xcconfig */ = {isa = PBXFileReference; lastKnownFileType = text.xcconfig; path = YHRefresh.base.xcconfig; sourceTree = "<group>"; };
		BADC2BE727DF33B100890B3B /* YHRefresh.release.xcconfig */ = {isa = PBXFileReference; lastKnownFileType = text.xcconfig; path = YHRefresh.release.xcconfig; sourceTree = "<group>"; };
		BADC2BE827DF33B100890B3B /* YHRefresh.debug.xcconfig */ = {isa = PBXFileReference; lastKnownFileType = text.xcconfig; path = YHRefresh.debug.xcconfig; sourceTree = "<group>"; };
/* End PBXFileReference section */

/* Begin PBXFrameworksBuildPhase section */
		8D54CB591D751CF5001FD872 /* Frameworks */ = {
			isa = PBXFrameworksBuildPhase;
			buildActionMask = 2147483647;
			files = (
			);
			runOnlyForDeploymentPostprocessing = 0;
		};
		8D54CB731D751D68001FD872 /* Frameworks */ = {
			isa = PBXFrameworksBuildPhase;
			buildActionMask = 2147483647;
			files = (
			);
			runOnlyForDeploymentPostprocessing = 0;
		};
/* End PBXFrameworksBuildPhase section */

/* Begin PBXGroup section */
		8D54CB531D751CF5001FD872 = {
			isa = PBXGroup;
			children = (
				8D54CB5F1D751CF5001FD872 /* YHRefresh */,
				8D54CB771D751D68001FD872 /* YHRefreshDemo */,
				8DB5D0201EAC853D00FF493F /* Frameworks */,
				8D54CB5E1D751CF5001FD872 /* Products */,
			);
			sourceTree = "<group>";
		};
		8D54CB5E1D751CF5001FD872 /* Products */ = {
			isa = PBXGroup;
			children = (
				8D54CB5D1D751CF5001FD872 /* YHRefresh.framework */,
				8D54CB761D751D68001FD872 /* YHRefreshDemo.app */,
			);
			name = Products;
			sourceTree = "<group>";
		};
		8D54CB5F1D751CF5001FD872 /* YHRefresh */ = {
			isa = PBXGroup;
			children = (
				BADC2BE627DF337600890B3B /* YHRefresh.base.xcconfig */,
				BADC2BE827DF33B100890B3B /* YHRefresh.debug.xcconfig */,
				BADC2BE727DF33B100890B3B /* YHRefresh.release.xcconfig */,
				8D54CB691D751D04001FD872 /* YHRefreshExtensions.swift */,
				8D54CB6B1D751D04001FD872 /* YHRefresh.swift */,
				8D54CB6C1D751D04001FD872 /* YHRefreshConst.swift */,
				8D54CB601D751CF5001FD872 /* YHRefresh.h */,
				8DB5D0551EAC85E200FF493F /* YHRefresh.bundle */,
				8D54CB621D751CF5001FD872 /* Info.plist */,
			);
			path = YHRefresh;
			sourceTree = "<group>";
		};
		8D54CB771D751D68001FD872 /* YHRefreshDemo */ = {
			isa = PBXGroup;
			children = (
				8D54CB781D751D68001FD872 /* AppDelegate.swift */,
				8D54CB8C1D75298A001FD872 /* DemoViewController.swift */,
				8D54CB891D751D79001FD872 /* GuideViewController.swift */,
				8D54CB7F1D751D68001FD872 /* Assets.xcassets */,
				8D54CB7C1D751D68001FD872 /* Main.storyboard */,
				8D54CB811D751D68001FD872 /* LaunchScreen.storyboard */,
				8D54CB841D751D68001FD872 /* Info.plist */,
			);
			path = YHRefreshDemo;
			sourceTree = "<group>";
		};
		8DB5D0201EAC853D00FF493F /* Frameworks */ = {
			isa = PBXGroup;
			children = (
				8DB5D0211EAC853D00FF493F /* Cocoa.framework */,
			);
			name = Frameworks;
			sourceTree = "<group>";
		};
/* End PBXGroup section */

/* Begin PBXHeadersBuildPhase section */
		8D54CB5A1D751CF5001FD872 /* Headers */ = {
			isa = PBXHeadersBuildPhase;
			buildActionMask = 2147483647;
			files = (
				8D54CB611D751CF5001FD872 /* YHRefresh.h in Headers */,
			);
			runOnlyForDeploymentPostprocessing = 0;
		};
/* End PBXHeadersBuildPhase section */

/* Begin PBXNativeTarget section */
		8D54CB5C1D751CF5001FD872 /* YHRefresh */ = {
			isa = PBXNativeTarget;
			buildConfigurationList = 8D54CB651D751CF5001FD872 /* Build configuration list for PBXNativeTarget "YHRefresh" */;
			buildPhases = (
				8D54CB581D751CF5001FD872 /* Sources */,
				8D54CB591D751CF5001FD872 /* Frameworks */,
				8D54CB5A1D751CF5001FD872 /* Headers */,
				8D54CB5B1D751CF5001FD872 /* Resources */,
			);
			buildRules = (
			);
			dependencies = (
			);
			name = YHRefresh;
			productName = YHRefresh;
			productReference = 8D54CB5D1D751CF5001FD872 /* YHRefresh.framework */;
			productType = "com.apple.product-type.framework";
		};
		8D54CB751D751D68001FD872 /* YHRefreshDemo */ = {
			isa = PBXNativeTarget;
			buildConfigurationList = 8D54CB851D751D68001FD872 /* Build configuration list for PBXNativeTarget "YHRefreshDemo" */;
			buildPhases = (
				8D54CB721D751D68001FD872 /* Sources */,
				8D54CB731D751D68001FD872 /* Frameworks */,
				8D54CB741D751D68001FD872 /* Resources */,
			);
			buildRules = (
			);
			dependencies = (
				BADC2D9427DF392900890B3B /* PBXTargetDependency */,
			);
			name = YHRefreshDemo;
			productName = YHRefreshDemo;
			productReference = 8D54CB761D751D68001FD872 /* YHRefreshDemo.app */;
			productType = "com.apple.product-type.application";
		};
/* End PBXNativeTarget section */

/* Begin PBXProject section */
		8D54CB541D751CF5001FD872 /* Project object */ = {
			isa = PBXProject;
			attributes = {
				LastSwiftUpdateCheck = 0730;
				LastUpgradeCheck = 0930;
				ORGANIZATIONNAME = HenryLee;
				TargetAttributes = {
					8D54CB5C1D751CF5001FD872 = {
						CreatedOnToolsVersion = 7.3;
						LastSwiftMigration = 1010;
						ProvisioningStyle = Automatic;
					};
					8D54CB751D751D68001FD872 = {
						CreatedOnToolsVersion = 7.3;
						DevelopmentTeam = K98M2XPBH8;
						LastSwiftMigration = 0810;
					};
				};
			};
			buildConfigurationList = 8D54CB571D751CF5001FD872 /* Build configuration list for PBXProject "YHRefresh" */;
			compatibilityVersion = "Xcode 3.2";
			developmentRegion = English;
			hasScannedForEncodings = 0;
			knownRegions = (
				English,
				en,
				Base,
			);
			mainGroup = 8D54CB531D751CF5001FD872;
			productRefGroup = 8D54CB5E1D751CF5001FD872 /* Products */;
			projectDirPath = "";
			projectRoot = "";
			targets = (
				8D54CB5C1D751CF5001FD872 /* YHRefresh */,
				8D54CB751D751D68001FD872 /* YHRefreshDemo */,
			);
		};
/* End PBXProject section */

/* Begin PBXResourcesBuildPhase section */
		8D54CB5B1D751CF5001FD872 /* Resources */ = {
			isa = PBXResourcesBuildPhase;
			buildActionMask = 2147483647;
			files = (
				8DB5D0561EAC85E200FF493F /* YHRefresh.bundle in Resources */,
			);
			runOnlyForDeploymentPostprocessing = 0;
		};
		8D54CB741D751D68001FD872 /* Resources */ = {
			isa = PBXResourcesBuildPhase;
			buildActionMask = 2147483647;
			files = (
				8D54CB831D751D68001FD872 /* LaunchScreen.storyboard in Resources */,
				8D54CB801D751D68001FD872 /* Assets.xcassets in Resources */,
				8D54CB7E1D751D68001FD872 /* Main.storyboard in Resources */,
			);
			runOnlyForDeploymentPostprocessing = 0;
		};
/* End PBXResourcesBuildPhase section */

/* Begin PBXSourcesBuildPhase section */
		8D54CB581D751CF5001FD872 /* Sources */ = {
			isa = PBXSourcesBuildPhase;
			buildActionMask = 2147483647;
			files = (
				8D54CB6E1D751D04001FD872 /* YHRefreshExtensions.swift in Sources */,
				8D54CB701D751D04001FD872 /* YHRefresh.swift in Sources */,
				8D54CB711D751D04001FD872 /* YHRefreshConst.swift in Sources */,
			);
			runOnlyForDeploymentPostprocessing = 0;
		};
		8D54CB721D751D68001FD872 /* Sources */ = {
			isa = PBXSourcesBuildPhase;
			buildActionMask = 2147483647;
			files = (
				8D54CB8B1D751D79001FD872 /* GuideViewController.swift in Sources */,
				8D54CB791D751D68001FD872 /* AppDelegate.swift in Sources */,
				8D54CB8D1D75298A001FD872 /* DemoViewController.swift in Sources */,
			);
			runOnlyForDeploymentPostprocessing = 0;
		};
/* End PBXSourcesBuildPhase section */

/* Begin PBXTargetDependency section */
		BADC2D9427DF392900890B3B /* PBXTargetDependency */ = {
			isa = PBXTargetDependency;
			target = 8D54CB5C1D751CF5001FD872 /* YHRefresh */;
			targetProxy = BADC2D9327DF392900890B3B /* PBXContainerItemProxy */;
		};
/* End PBXTargetDependency section */

/* Begin PBXVariantGroup section */
		8D54CB7C1D751D68001FD872 /* Main.storyboard */ = {
			isa = PBXVariantGroup;
			children = (
				8D54CB7D1D751D68001FD872 /* Base */,
			);
			name = Main.storyboard;
			sourceTree = "<group>";
		};
		8D54CB811D751D68001FD872 /* LaunchScreen.storyboard */ = {
			isa = PBXVariantGroup;
			children = (
				8D54CB821D751D68001FD872 /* Base */,
			);
			name = LaunchScreen.storyboard;
			sourceTree = "<group>";
		};
/* End PBXVariantGroup section */

/* Begin XCBuildConfiguration section */
		8D54CB631D751CF5001FD872 /* Debug */ = {
			isa = XCBuildConfiguration;
			buildSettings = {
				ALWAYS_SEARCH_USER_PATHS = NO;
				CLANG_ANALYZER_NONNULL = YES;
				CLANG_CXX_LANGUAGE_STANDARD = "gnu++0x";
				CLANG_CXX_LIBRARY = "libc++";
				CLANG_ENABLE_MODULES = YES;
				CLANG_ENABLE_OBJC_ARC = YES;
				CLANG_WARN_BLOCK_CAPTURE_AUTORELEASING = YES;
				CLANG_WARN_BOOL_CONVERSION = YES;
				CLANG_WARN_COMMA = YES;
				CLANG_WARN_CONSTANT_CONVERSION = YES;
				CLANG_WARN_DEPRECATED_OBJC_IMPLEMENTATIONS = YES;
				CLANG_WARN_DIRECT_OBJC_ISA_USAGE = YES_ERROR;
				CLANG_WARN_EMPTY_BODY = YES;
				CLANG_WARN_ENUM_CONVERSION = YES;
				CLANG_WARN_INFINITE_RECURSION = YES;
				CLANG_WARN_INT_CONVERSION = YES;
				CLANG_WARN_NON_LITERAL_NULL_CONVERSION = YES;
				CLANG_WARN_OBJC_IMPLICIT_RETAIN_SELF = YES;
				CLANG_WARN_OBJC_LITERAL_CONVERSION = YES;
				CLANG_WARN_OBJC_ROOT_CLASS = YES_ERROR;
				CLANG_WARN_RANGE_LOOP_ANALYSIS = YES;
				CLANG_WARN_STRICT_PROTOTYPES = YES;
				CLANG_WARN_SUSPICIOUS_MOVE = YES;
				CLANG_WARN_UNREACHABLE_CODE = YES;
				CLANG_WARN__DUPLICATE_METHOD_MATCH = YES;
				"CODE_SIGN_IDENTITY[sdk=iphoneos*]" = "iPhone Developer";
				COPY_PHASE_STRIP = NO;
				CURRENT_PROJECT_VERSION = 1;
				DEBUG_INFORMATION_FORMAT = dwarf;
				ENABLE_STRICT_OBJC_MSGSEND = YES;
				ENABLE_TESTABILITY = YES;
				GCC_C_LANGUAGE_STANDARD = gnu99;
				GCC_DYNAMIC_NO_PIC = NO;
				GCC_NO_COMMON_BLOCKS = YES;
				GCC_OPTIMIZATION_LEVEL = 0;
				GCC_PREPROCESSOR_DEFINITIONS = (
					"DEBUG=1",
					"$(inherited)",
				);
				GCC_WARN_64_TO_32_BIT_CONVERSION = YES;
				GCC_WARN_ABOUT_RETURN_TYPE = YES_ERROR;
				GCC_WARN_UNDECLARED_SELECTOR = YES;
				GCC_WARN_UNINITIALIZED_AUTOS = YES_AGGRESSIVE;
				GCC_WARN_UNUSED_FUNCTION = YES;
				GCC_WARN_UNUSED_VARIABLE = YES;
				IPHONEOS_DEPLOYMENT_TARGET = 9.3;
				MTL_ENABLE_DEBUG_INFO = YES;
				ONLY_ACTIVE_ARCH = YES;
				SDKROOT = iphoneos;
				SWIFT_OPTIMIZATION_LEVEL = "-Onone";
				TARGETED_DEVICE_FAMILY = "1,2";
				VERSIONING_SYSTEM = "apple-generic";
				VERSION_INFO_PREFIX = "";
			};
			name = Debug;
		};
		8D54CB641D751CF5001FD872 /* Release */ = {
			isa = XCBuildConfiguration;
			buildSettings = {
				ALWAYS_SEARCH_USER_PATHS = NO;
				CLANG_ANALYZER_NONNULL = YES;
				CLANG_CXX_LANGUAGE_STANDARD = "gnu++0x";
				CLANG_CXX_LIBRARY = "libc++";
				CLANG_ENABLE_MODULES = YES;
				CLANG_ENABLE_OBJC_ARC = YES;
				CLANG_WARN_BLOCK_CAPTURE_AUTORELEASING = YES;
				CLANG_WARN_BOOL_CONVERSION = YES;
				CLANG_WARN_COMMA = YES;
				CLANG_WARN_CONSTANT_CONVERSION = YES;
				CLANG_WARN_DEPRECATED_OBJC_IMPLEMENTATIONS = YES;
				CLANG_WARN_DIRECT_OBJC_ISA_USAGE = YES_ERROR;
				CLANG_WARN_EMPTY_BODY = YES;
				CLANG_WARN_ENUM_CONVERSION = YES;
				CLANG_WARN_INFINITE_RECURSION = YES;
				CLANG_WARN_INT_CONVERSION = YES;
				CLANG_WARN_NON_LITERAL_NULL_CONVERSION = YES;
				CLANG_WARN_OBJC_IMPLICIT_RETAIN_SELF = YES;
				CLANG_WARN_OBJC_LITERAL_CONVERSION = YES;
				CLANG_WARN_OBJC_ROOT_CLASS = YES_ERROR;
				CLANG_WARN_RANGE_LOOP_ANALYSIS = YES;
				CLANG_WARN_STRICT_PROTOTYPES = YES;
				CLANG_WARN_SUSPICIOUS_MOVE = YES;
				CLANG_WARN_UNREACHABLE_CODE = YES;
				CLANG_WARN__DUPLICATE_METHOD_MATCH = YES;
				"CODE_SIGN_IDENTITY[sdk=iphoneos*]" = "iPhone Developer";
				COPY_PHASE_STRIP = NO;
				CURRENT_PROJECT_VERSION = 1;
				DEBUG_INFORMATION_FORMAT = "dwarf-with-dsym";
				ENABLE_NS_ASSERTIONS = NO;
				ENABLE_STRICT_OBJC_MSGSEND = YES;
				GCC_C_LANGUAGE_STANDARD = gnu99;
				GCC_NO_COMMON_BLOCKS = YES;
				GCC_WARN_64_TO_32_BIT_CONVERSION = YES;
				GCC_WARN_ABOUT_RETURN_TYPE = YES_ERROR;
				GCC_WARN_UNDECLARED_SELECTOR = YES;
				GCC_WARN_UNINITIALIZED_AUTOS = YES_AGGRESSIVE;
				GCC_WARN_UNUSED_FUNCTION = YES;
				GCC_WARN_UNUSED_VARIABLE = YES;
				IPHONEOS_DEPLOYMENT_TARGET = 9.3;
				MTL_ENABLE_DEBUG_INFO = NO;
				SDKROOT = iphoneos;
				SWIFT_COMPILATION_MODE = wholemodule;
				TARGETED_DEVICE_FAMILY = "1,2";
				VALIDATE_PRODUCT = YES;
				VERSIONING_SYSTEM = "apple-generic";
				VERSION_INFO_PREFIX = "";
			};
			name = Release;
		};
		8D54CB661D751CF5001FD872 /* Debug */ = {
			isa = XCBuildConfiguration;
			baseConfigurationReference = BADC2BE827DF33B100890B3B /* YHRefresh.debug.xcconfig */;
			buildSettings = {
			};
			name = Debug;
		};
		8D54CB671D751CF5001FD872 /* Release */ = {
			isa = XCBuildConfiguration;
			baseConfigurationReference = BADC2BE727DF33B100890B3B /* YHRefresh.release.xcconfig */;
			buildSettings = {
			};
			name = Release;
		};
		8D54CB861D751D68001FD872 /* Debug */ = {
			isa = XCBuildConfiguration;
			buildSettings = {
				ASSETCATALOG_COMPILER_APPICON_NAME = AppIcon;
				DEVELOPMENT_TEAM = K98M2XPBH8;
				INFOPLIST_FILE = YHRefreshDemo/Info.plist;
				LD_RUNPATH_SEARCH_PATHS = "$(inherited) @executable_path/Frameworks";
				PRODUCT_BUNDLE_IDENTIFIER = cn.hehe.YHRefreshDemo;
				PRODUCT_NAME = "$(TARGET_NAME)";
				SWIFT_VERSION = 5.0;
			};
			name = Debug;
		};
		8D54CB871D751D68001FD872 /* Release */ = {
			isa = XCBuildConfiguration;
			buildSettings = {
				ASSETCATALOG_COMPILER_APPICON_NAME = AppIcon;
				DEVELOPMENT_TEAM = K98M2XPBH8;
				INFOPLIST_FILE = YHRefreshDemo/Info.plist;
				LD_RUNPATH_SEARCH_PATHS = "$(inherited) @executable_path/Frameworks";
				PRODUCT_BUNDLE_IDENTIFIER = cn.hehe.YHRefreshDemo;
				PRODUCT_NAME = "$(TARGET_NAME)";
				SWIFT_VERSION = 5.0;
			};
			name = Release;
		};
/* End XCBuildConfiguration section */

/* Begin XCConfigurationList section */
		8D54CB571D751CF5001FD872 /* Build configuration list for PBXProject "YHRefresh" */ = {
			isa = XCConfigurationList;
			buildConfigurations = (
				8D54CB631D751CF5001FD872 /* Debug */,
				8D54CB641D751CF5001FD872 /* Release */,
			);
			defaultConfigurationIsVisible = 0;
			defaultConfigurationName = Release;
		};
		8D54CB651D751CF5001FD872 /* Build configuration list for PBXNativeTarget "YHRefresh" */ = {
			isa = XCConfigurationList;
			buildConfigurations = (
				8D54CB661D751CF5001FD872 /* Debug */,
				8D54CB671D751CF5001FD872 /* Release */,
			);
			defaultConfigurationIsVisible = 0;
			defaultConfigurationName = Release;
		};
		8D54CB851D751D68001FD872 /* Build configuration list for PBXNativeTarget "YHRefreshDemo" */ = {
			isa = XCConfigurationList;
			buildConfigurations = (
				8D54CB861D751D68001FD872 /* Debug */,
				8D54CB871D751D68001FD872 /* Release */,
			);
			defaultConfigurationIsVisible = 0;
			defaultConfigurationName = Release;
		};
/* End XCConfigurationList section */
	};
	rootObject = 8D54CB541D751CF5001FD872 /* Project object */;
}
