// !$*UTF8*$!
{
	archiveVersion = 1;
	classes = {
	};
	objectVersion = 46;
	objects = {

/* Begin PBXBuildFile section */
		2E3E56C91CB5EC1C00C59E87 /* DemoViewController.swift in Sources */ = {isa = PBXBuildFile; fileRef = 2E3E56C71CB5EC1C00C59E87 /* DemoViewController.swift */; };
		2E3E56CA1CB5EC1C00C59E87 /* GuideViewController.swift in Sources */ = {isa = PBXBuildFile; fileRef = 2E3E56C81CB5EC1C00C59E87 /* GuideViewController.swift */; };
		2E9131621CB566FB007A4535 /* AppDelegate.swift in Sources */ = {isa = PBXBuildFile; fileRef = 2E9131611CB566FB007A4535 /* AppDelegate.swift */; };
		2E9131671CB566FB007A4535 /* Main.storyboard in Resources */ = {isa = PBXBuildFile; fileRef = 2E9131651CB566FB007A4535 /* Main.storyboard */; };
		2E9131691CB566FB007A4535 /* Assets.xcassets in Resources */ = {isa = PBXBuildFile; fileRef = 2E9131681CB566FB007A4535 /* Assets.xcassets */; };
		2E91316C1CB566FB007A4535 /* LaunchScreen.storyboard in Resources */ = {isa = PBXBuildFile; fileRef = 2E91316A1CB566FB007A4535 /* LaunchScreen.storyboard */; };
		2ECE6D971CDD7FC600A7EA91 /* NSDate+YHRefresh.swift in Sources */ = {isa = PBXBuildFile; fileRef = 2ECE6D961CDD7FC600A7EA91 /* NSDate+YHRefresh.swift */; };
		2ED170C11CB7675700D12EA9 /* UIScrollView+YHRefresh.swift in Sources */ = {isa = PBXBuildFile; fileRef = 2ED170BC1CB7675700D12EA9 /* UIScrollView+YHRefresh.swift */; };
		2ED170C21CB7675700D12EA9 /* YHRefresh.bundle in Resources */ = {isa = PBXBuildFile; fileRef = 2ED170BD1CB7675700D12EA9 /* YHRefresh.bundle */; };
		2ED170C31CB7675700D12EA9 /* YHRefreshComponent.swift in Sources */ = {isa = PBXBuildFile; fileRef = 2ED170BE1CB7675700D12EA9 /* YHRefreshComponent.swift */; };
		2ED170C41CB7675700D12EA9 /* YHRefreshConst.swift in Sources */ = {isa = PBXBuildFile; fileRef = 2ED170BF1CB7675700D12EA9 /* YHRefreshConst.swift */; };
/* End PBXBuildFile section */

/* Begin PBXFileReference section */
		2E3E56C71CB5EC1C00C59E87 /* DemoViewController.swift */ = {isa = PBXFileReference; fileEncoding = 4; lastKnownFileType = sourcecode.swift; path = DemoViewController.swift; sourceTree = "<group>"; };
		2E3E56C81CB5EC1C00C59E87 /* GuideViewController.swift */ = {isa = PBXFileReference; fileEncoding = 4; lastKnownFileType = sourcecode.swift; path = GuideViewController.swift; sourceTree = "<group>"; };
		2E91315E1CB566FB007A4535 /* YHRefreshDemo.app */ = {isa = PBXFileReference; explicitFileType = wrapper.application; includeInIndex = 0; path = YHRefreshDemo.app; sourceTree = BUILT_PRODUCTS_DIR; };
		2E9131611CB566FB007A4535 /* AppDelegate.swift */ = {isa = PBXFileReference; lastKnownFileType = sourcecode.swift; path = AppDelegate.swift; sourceTree = "<group>"; };
		2E9131661CB566FB007A4535 /* Base */ = {isa = PBXFileReference; lastKnownFileType = file.storyboard; name = Base; path = Base.lproj/Main.storyboard; sourceTree = "<group>"; };
		2E9131681CB566FB007A4535 /* Assets.xcassets */ = {isa = PBXFileReference; lastKnownFileType = folder.assetcatalog; path = Assets.xcassets; sourceTree = "<group>"; };
		2E91316B1CB566FB007A4535 /* Base */ = {isa = PBXFileReference; lastKnownFileType = file.storyboard; name = Base; path = Base.lproj/LaunchScreen.storyboard; sourceTree = "<group>"; };
		2E91316D1CB566FB007A4535 /* Info.plist */ = {isa = PBXFileReference; lastKnownFileType = text.plist.xml; path = Info.plist; sourceTree = "<group>"; };
		2ECE6D961CDD7FC600A7EA91 /* NSDate+YHRefresh.swift */ = {isa = PBXFileReference; fileEncoding = 4; lastKnownFileType = sourcecode.swift; path = "NSDate+YHRefresh.swift"; sourceTree = "<group>"; };
		2ED170BC1CB7675700D12EA9 /* UIScrollView+YHRefresh.swift */ = {isa = PBXFileReference; fileEncoding = 4; lastKnownFileType = sourcecode.swift; path = "UIScrollView+YHRefresh.swift"; sourceTree = "<group>"; };
		2ED170BD1CB7675700D12EA9 /* YHRefresh.bundle */ = {isa = PBXFileReference; lastKnownFileType = "wrapper.plug-in"; path = YHRefresh.bundle; sourceTree = "<group>"; };
		2ED170BE1CB7675700D12EA9 /* YHRefreshComponent.swift */ = {isa = PBXFileReference; fileEncoding = 4; lastKnownFileType = sourcecode.swift; path = YHRefreshComponent.swift; sourceTree = "<group>"; };
		2ED170BF1CB7675700D12EA9 /* YHRefreshConst.swift */ = {isa = PBXFileReference; fileEncoding = 4; lastKnownFileType = sourcecode.swift; path = YHRefreshConst.swift; sourceTree = "<group>"; };
/* End PBXFileReference section */

/* Begin PBXFrameworksBuildPhase section */
		2E91315B1CB566FB007A4535 /* Frameworks */ = {
			isa = PBXFrameworksBuildPhase;
			buildActionMask = 2147483647;
			files = (
			);
			runOnlyForDeploymentPostprocessing = 0;
		};
/* End PBXFrameworksBuildPhase section */

/* Begin PBXGroup section */
		2E9131551CB566FB007A4535 = {
			isa = PBXGroup;
			children = (
				2E9131601CB566FB007A4535 /* YHRefreshDemo */,
				2E91315F1CB566FB007A4535 /* Products */,
			);
			sourceTree = "<group>";
		};
		2E91315F1CB566FB007A4535 /* Products */ = {
			isa = PBXGroup;
			children = (
				2E91315E1CB566FB007A4535 /* YHRefreshDemo.app */,
			);
			name = Products;
			sourceTree = "<group>";
		};
		2E9131601CB566FB007A4535 /* YHRefreshDemo */ = {
			isa = PBXGroup;
			children = (
				2E9131611CB566FB007A4535 /* AppDelegate.swift */,
				2E3E56C81CB5EC1C00C59E87 /* GuideViewController.swift */,
				2E3E56C71CB5EC1C00C59E87 /* DemoViewController.swift */,
				2ED170BA1CB7675700D12EA9 /* YHRefresh */,
				2E9131651CB566FB007A4535 /* Main.storyboard */,
				2E9131681CB566FB007A4535 /* Assets.xcassets */,
				2E91316A1CB566FB007A4535 /* LaunchScreen.storyboard */,
				2E91316D1CB566FB007A4535 /* Info.plist */,
			);
			path = YHRefreshDemo;
			sourceTree = "<group>";
		};
		2ED170BA1CB7675700D12EA9 /* YHRefresh */ = {
			isa = PBXGroup;
			children = (
				2ECE6D961CDD7FC600A7EA91 /* NSDate+YHRefresh.swift */,
				2ED170BC1CB7675700D12EA9 /* UIScrollView+YHRefresh.swift */,
				2ED170BD1CB7675700D12EA9 /* YHRefresh.bundle */,
				2ED170BE1CB7675700D12EA9 /* YHRefreshComponent.swift */,
				2ED170BF1CB7675700D12EA9 /* YHRefreshConst.swift */,
			);
			path = YHRefresh;
			sourceTree = "<group>";
		};
/* End PBXGroup section */

/* Begin PBXNativeTarget section */
		2E91315D1CB566FB007A4535 /* YHRefreshDemo */ = {
			isa = PBXNativeTarget;
			buildConfigurationList = 2E9131701CB566FB007A4535 /* Build configuration list for PBXNativeTarget "YHRefreshDemo" */;
			buildPhases = (
				2E91315A1CB566FB007A4535 /* Sources */,
				2E91315B1CB566FB007A4535 /* Frameworks */,
				2E91315C1CB566FB007A4535 /* Resources */,
			);
			buildRules = (
			);
			dependencies = (
			);
			name = YHRefreshDemo;
			productName = YHRefreshDemo;
			productReference = 2E91315E1CB566FB007A4535 /* YHRefreshDemo.app */;
			productType = "com.apple.product-type.application";
		};
/* End PBXNativeTarget section */

/* Begin PBXProject section */
		2E9131561CB566FB007A4535 /* Project object */ = {
			isa = PBXProject;
			attributes = {
				LastSwiftUpdateCheck = 0720;
				LastUpgradeCheck = 0720;
				ORGANIZATIONNAME = Detailscool;
				TargetAttributes = {
					2E91315D1CB566FB007A4535 = {
						CreatedOnToolsVersion = 7.2;
						DevelopmentTeam = K98M2XPBH8;
					};
				};
			};
			buildConfigurationList = 2E9131591CB566FB007A4535 /* Build configuration list for PBXProject "YHRefreshDemo" */;
			compatibilityVersion = "Xcode 3.2";
			developmentRegion = English;
			hasScannedForEncodings = 0;
			knownRegions = (
				en,
				Base,
			);
			mainGroup = 2E9131551CB566FB007A4535;
			productRefGroup = 2E91315F1CB566FB007A4535 /* Products */;
			projectDirPath = "";
			projectRoot = "";
			targets = (
				2E91315D1CB566FB007A4535 /* YHRefreshDemo */,
			);
		};
/* End PBXProject section */

/* Begin PBXResourcesBuildPhase section */
		2E91315C1CB566FB007A4535 /* Resources */ = {
			isa = PBXResourcesBuildPhase;
			buildActionMask = 2147483647;
			files = (
				2ED170C21CB7675700D12EA9 /* YHRefresh.bundle in Resources */,
				2E91316C1CB566FB007A4535 /* LaunchScreen.storyboard in Resources */,
				2E9131691CB566FB007A4535 /* Assets.xcassets in Resources */,
				2E9131671CB566FB007A4535 /* Main.storyboard in Resources */,
			);
			runOnlyForDeploymentPostprocessing = 0;
		};
/* End PBXResourcesBuildPhase section */

/* Begin PBXSourcesBuildPhase section */
		2E91315A1CB566FB007A4535 /* Sources */ = {
			isa = PBXSourcesBuildPhase;
			buildActionMask = 2147483647;
			files = (
				2ED170C41CB7675700D12EA9 /* YHRefreshConst.swift in Sources */,
				2ED170C11CB7675700D12EA9 /* UIScrollView+YHRefresh.swift in Sources */,
				2ECE6D971CDD7FC600A7EA91 /* NSDate+YHRefresh.swift in Sources */,
				2ED170C31CB7675700D12EA9 /* YHRefreshComponent.swift in Sources */,
				2E3E56CA1CB5EC1C00C59E87 /* GuideViewController.swift in Sources */,
				2E9131621CB566FB007A4535 /* AppDelegate.swift in Sources */,
				2E3E56C91CB5EC1C00C59E87 /* DemoViewController.swift in Sources */,
			);
			runOnlyForDeploymentPostprocessing = 0;
		};
/* End PBXSourcesBuildPhase section */

/* Begin PBXVariantGroup section */
		2E9131651CB566FB007A4535 /* Main.storyboard */ = {
			isa = PBXVariantGroup;
			children = (
				2E9131661CB566FB007A4535 /* Base */,
			);
			name = Main.storyboard;
			sourceTree = "<group>";
		};
		2E91316A1CB566FB007A4535 /* LaunchScreen.storyboard */ = {
			isa = PBXVariantGroup;
			children = (
				2E91316B1CB566FB007A4535 /* Base */,
			);
			name = LaunchScreen.storyboard;
			sourceTree = "<group>";
		};
/* End PBXVariantGroup section */

/* Begin XCBuildConfiguration section */
		2E91316E1CB566FB007A4535 /* Debug */ = {
			isa = XCBuildConfiguration;
			buildSettings = {
				ALWAYS_SEARCH_USER_PATHS = NO;
				CLANG_CXX_LANGUAGE_STANDARD = "gnu++0x";
				CLANG_CXX_LIBRARY = "libc++";
				CLANG_ENABLE_MODULES = YES;
				CLANG_ENABLE_OBJC_ARC = YES;
				CLANG_WARN_BOOL_CONVERSION = YES;
				CLANG_WARN_CONSTANT_CONVERSION = YES;
				CLANG_WARN_DIRECT_OBJC_ISA_USAGE = YES_ERROR;
				CLANG_WARN_EMPTY_BODY = YES;
				CLANG_WARN_ENUM_CONVERSION = YES;
				CLANG_WARN_INT_CONVERSION = YES;
				CLANG_WARN_OBJC_ROOT_CLASS = YES_ERROR;
				CLANG_WARN_UNREACHABLE_CODE = YES;
				CLANG_WARN__DUPLICATE_METHOD_MATCH = YES;
				"CODE_SIGN_IDENTITY[sdk=iphoneos*]" = "iPhone Developer";
				COPY_PHASE_STRIP = NO;
				DEBUG_INFORMATION_FORMAT = dwarf;
				ENABLE_STRICT_OBJC_MSGSEND = YES;
				ENABLE_TESTABILITY = YES;
				GCC_C_LANGUAGE_STANDARD = gnu99;
				GCC_DYNAMIC_NO_PIC = NO;
				GCC_NO_COMMON_BLOCKS = YES;
				GCC_OPTIMIZATION_LEVEL = 0;
				GCC_PREPROCESSOR_DEFINITIONS = (
					"DEBUG=1",
					"$(inherited)",
				);
				GCC_WARN_64_TO_32_BIT_CONVERSION = YES;
				GCC_WARN_ABOUT_RETURN_TYPE = YES_ERROR;
				GCC_WARN_UNDECLARED_SELECTOR = YES;
				GCC_WARN_UNINITIALIZED_AUTOS = YES_AGGRESSIVE;
				GCC_WARN_UNUSED_FUNCTION = YES;
				GCC_WARN_UNUSED_VARIABLE = YES;
				IPHONEOS_DEPLOYMENT_TARGET = 9.2;
				MTL_ENABLE_DEBUG_INFO = YES;
				ONLY_ACTIVE_ARCH = YES;
				SDKROOT = iphoneos;
				SWIFT_OPTIMIZATION_LEVEL = "-Onone";
			};
			name = Debug;
		};
		2E91316F1CB566FB007A4535 /* Release */ = {
			isa = XCBuildConfiguration;
			buildSettings = {
				ALWAYS_SEARCH_USER_PATHS = NO;
				CLANG_CXX_LANGUAGE_STANDARD = "gnu++0x";
				CLANG_CXX_LIBRARY = "libc++";
				CLANG_ENABLE_MODULES = YES;
				CLANG_ENABLE_OBJC_ARC = YES;
				CLANG_WARN_BOOL_CONVERSION = YES;
				CLANG_WARN_CONSTANT_CONVERSION = YES;
				CLANG_WARN_DIRECT_OBJC_ISA_USAGE = YES_ERROR;
				CLANG_WARN_EMPTY_BODY = YES;
				CLANG_WARN_ENUM_CONVERSION = YES;
				CLANG_WARN_INT_CONVERSION = YES;
				CLANG_WARN_OBJC_ROOT_CLASS = YES_ERROR;
				CLANG_WARN_UNREACHABLE_CODE = YES;
				CLANG_WARN__DUPLICATE_METHOD_MATCH = YES;
				"CODE_SIGN_IDENTITY[sdk=iphoneos*]" = "iPhone Developer";
				COPY_PHASE_STRIP = NO;
				DEBUG_INFORMATION_FORMAT = "dwarf-with-dsym";
				ENABLE_NS_ASSERTIONS = NO;
				ENABLE_STRICT_OBJC_MSGSEND = YES;
				GCC_C_LANGUAGE_STANDARD = gnu99;
				GCC_NO_COMMON_BLOCKS = YES;
				GCC_WARN_64_TO_32_BIT_CONVERSION = YES;
				GCC_WARN_ABOUT_RETURN_TYPE = YES_ERROR;
				GCC_WARN_UNDECLARED_SELECTOR = YES;
				GCC_WARN_UNINITIALIZED_AUTOS = YES_AGGRESSIVE;
				GCC_WARN_UNUSED_FUNCTION = YES;
				GCC_WARN_UNUSED_VARIABLE = YES;
				IPHONEOS_DEPLOYMENT_TARGET = 9.2;
				MTL_ENABLE_DEBUG_INFO = NO;
				SDKROOT = iphoneos;
				VALIDATE_PRODUCT = YES;
			};
			name = Release;
		};
		2E9131711CB566FB007A4535 /* Debug */ = {
			isa = XCBuildConfiguration;
			buildSettings = {
				ASSETCATALOG_COMPILER_APPICON_NAME = AppIcon;
				CODE_SIGN_IDENTITY = "iPhone Developer";
				INFOPLIST_FILE = YHRefreshDemo/Info.plist;
				IPHONEOS_DEPLOYMENT_TARGET = 9.1;
				LD_RUNPATH_SEARCH_PATHS = "$(inherited) @executable_path/Frameworks";
				PRODUCT_BUNDLE_IDENTIFIER = cn.hehe.YHRefreshDemo;
				PRODUCT_NAME = "$(TARGET_NAME)";
			};
			name = Debug;
		};
		2E9131721CB566FB007A4535 /* Release */ = {
			isa = XCBuildConfiguration;
			buildSettings = {
				ASSETCATALOG_COMPILER_APPICON_NAME = AppIcon;
				CODE_SIGN_IDENTITY = "iPhone Developer";
				INFOPLIST_FILE = YHRefreshDemo/Info.plist;
				IPHONEOS_DEPLOYMENT_TARGET = 9.1;
				LD_RUNPATH_SEARCH_PATHS = "$(inherited) @executable_path/Frameworks";
				PRODUCT_BUNDLE_IDENTIFIER = cn.hehe.YHRefreshDemo;
				PRODUCT_NAME = "$(TARGET_NAME)";
			};
			name = Release;
		};
/* End XCBuildConfiguration section */

/* Begin XCConfigurationList section */
		2E9131591CB566FB007A4535 /* Build configuration list for PBXProject "YHRefreshDemo" */ = {
			isa = XCConfigurationList;
			buildConfigurations = (
				2E91316E1CB566FB007A4535 /* Debug */,
				2E91316F1CB566FB007A4535 /* Release */,
			);
			defaultConfigurationIsVisible = 0;
			defaultConfigurationName = Release;
		};
		2E9131701CB566FB007A4535 /* Build configuration list for PBXNativeTarget "YHRefreshDemo" */ = {
			isa = XCConfigurationList;
			buildConfigurations = (
				2E9131711CB566FB007A4535 /* Debug */,
				2E9131721CB566FB007A4535 /* Release */,
			);
			defaultConfigurationIsVisible = 0;
			defaultConfigurationName = Release;
		};
/* End XCConfigurationList section */
	};
	rootObject = 2E9131561CB566FB007A4535 /* Project object */;
}
